// !$*UTF8*$!
{
	archiveVersion = 1;
	classes = {
	};
	objectVersion = 50;
	objects = {

/* Begin PBXBuildFile section */
		BA247BF223F3FF630051089D /* AppDelegate.swift in Sources */ = {isa = PBXBuildFile; fileRef = BA247BF123F3FF630051089D /* AppDelegate.swift */; };
		BA247BF423F3FF640051089D /* SceneDelegate.swift in Sources */ = {isa = PBXBuildFile; fileRef = BA247BF323F3FF640051089D /* SceneDelegate.swift */; };
		BA247BF623F3FF640051089D /* ViewController.swift in Sources */ = {isa = PBXBuildFile; fileRef = BA247BF523F3FF640051089D /* ViewController.swift */; };
		BA247BF923F3FF640051089D /* Main.storyboard in Resources */ = {isa = PBXBuildFile; fileRef = BA247BF723F3FF640051089D /* Main.storyboard */; };
		BA247BFB23F3FF660051089D /* Assets.xcassets in Resources */ = {isa = PBXBuildFile; fileRef = BA247BFA23F3FF660051089D /* Assets.xcassets */; };
		BA247BFE23F3FF660051089D /* LaunchScreen.storyboard in Resources */ = {isa = PBXBuildFile; fileRef = BA247BFC23F3FF660051089D /* LaunchScreen.storyboard */; };
		BA97AC9C23F5875E0039DA5A /* words.txt in Resources */ = {isa = PBXBuildFile; fileRef = BA97AC9B23F5875E0039DA5A /* words.txt */; };
		BA97AC9E23F59E730039DA5A /* StringExtension.swift in Sources */ = {isa = PBXBuildFile; fileRef = BA97AC9D23F59E730039DA5A /* StringExtension.swift */; };
/* End PBXBuildFile section */

/* Begin PBXFileReference section */
		BA247BEE23F3FF630051089D /* MilestoneProject3.app */ = {isa = PBXFileReference; explicitFileType = wrapper.application; includeInIndex = 0; path = MilestoneProject3.app; sourceTree = BUILT_PRODUCTS_DIR; };
		BA247BF123F3FF630051089D /* AppDelegate.swift */ = {isa = PBXFileReference; lastKnownFileType = sourcecode.swift; path = AppDelegate.swift; sourceTree = "<group>"; };
		BA247BF323F3FF640051089D /* SceneDelegate.swift */ = {isa = PBXFileReference; lastKnownFileType = sourcecode.swift; path = SceneDelegate.swift; sourceTree = "<group>"; };
		BA247BF523F3FF640051089D /* ViewController.swift */ = {isa = PBXFileReference; lastKnownFileType = sourcecode.swift; path = ViewController.swift; sourceTree = "<group>"; };
		BA247BF823F3FF640051089D /* Base */ = {isa = PBXFileReference; lastKnownFileType = file.storyboard; name = Base; path = Base.lproj/Main.storyboard; sourceTree = "<group>"; };
		BA247BFA23F3FF660051089D /* Assets.xcassets */ = {isa = PBXFileReference; lastKnownFileType = folder.assetcatalog; path = Assets.xcassets; sourceTree = "<group>"; };
		BA247BFD23F3FF660051089D /* Base */ = {isa = PBXFileReference; lastKnownFileType = file.storyboard; name = Base; path = Base.lproj/LaunchScreen.storyboard; sourceTree = "<group>"; };
		BA247BFF23F3FF660051089D /* Info.plist */ = {isa = PBXFileReference; lastKnownFileType = text.plist.xml; path = Info.plist; sourceTree = "<group>"; };
		BA97AC9B23F5875E0039DA5A /* words.txt */ = {isa = PBXFileReference; fileEncoding = 4; lastKnownFileType = text; name = words.txt; path = ../../Project8/Project8/words.txt; sourceTree = "<group>"; };
		BA97AC9D23F59E730039DA5A /* StringExtension.swift */ = {isa = PBXFileReference; lastKnownFileType = sourcecode.swift; path = StringExtension.swift; sourceTree = "<group>"; };
/* End PBXFileReference section */

/* Begin PBXFrameworksBuildPhase section */
		BA247BEB23F3FF630051089D /* Frameworks */ = {
			isa = PBXFrameworksBuildPhase;
			buildActionMask = 2147483647;
			files = (
			);
			runOnlyForDeploymentPostprocessing = 0;
		};
/* End PBXFrameworksBuildPhase section */

/* Begin PBXGroup section */
		BA247BE523F3FF630051089D = {
			isa = PBXGroup;
			children = (
				BA247BF023F3FF630051089D /* MilestoneProject3 */,
				BA247BEF23F3FF630051089D /* Products */,
			);
			sourceTree = "<group>";
		};
		BA247BEF23F3FF630051089D /* Products */ = {
			isa = PBXGroup;
			children = (
				BA247BEE23F3FF630051089D /* MilestoneProject3.app */,
			);
			name = Products;
			sourceTree = "<group>";
		};
		BA247BF023F3FF630051089D /* MilestoneProject3 */ = {
			isa = PBXGroup;
			children = (
				BA247BF123F3FF630051089D /* AppDelegate.swift */,
				BA247BF323F3FF640051089D /* SceneDelegate.swift */,
				BA247BF523F3FF640051089D /* ViewController.swift */,
				BA247BF723F3FF640051089D /* Main.storyboard */,
				BA247BFA23F3FF660051089D /* Assets.xcassets */,
				BA247BFC23F3FF660051089D /* LaunchScreen.storyboard */,
				BA247BFF23F3FF660051089D /* Info.plist */,
				BA97AC9B23F5875E0039DA5A /* words.txt */,
				BA97AC9D23F59E730039DA5A /* StringExtension.swift */,
			);
			path = MilestoneProject3;
			sourceTree = "<group>";
		};
/* End PBXGroup section */

/* Begin PBXNativeTarget section */
		BA247BED23F3FF630051089D /* MilestoneProject3 */ = {
			isa = PBXNativeTarget;
			buildConfigurationList = BA247C0223F3FF660051089D /* Build configuration list for PBXNativeTarget "MilestoneProject3" */;
			buildPhases = (
				BA247BEA23F3FF630051089D /* Sources */,
				BA247BEB23F3FF630051089D /* Frameworks */,
				BA247BEC23F3FF630051089D /* Resources */,
			);
			buildRules = (
			);
			dependencies = (
			);
			name = MilestoneProject3;
			productName = MilestoneProject3;
			productReference = BA247BEE23F3FF630051089D /* MilestoneProject3.app */;
			productType = "com.apple.product-type.application";
		};
/* End PBXNativeTarget section */

/* Begin PBXProject section */
		BA247BE623F3FF630051089D /* Project object */ = {
			isa = PBXProject;
			attributes = {
				LastSwiftUpdateCheck = 1130;
				LastUpgradeCheck = 1130;
				ORGANIZATIONNAME = "Jaroslav Janda";
				TargetAttributes = {
					BA247BED23F3FF630051089D = {
						CreatedOnToolsVersion = 11.3.1;
					};
				};
			};
			buildConfigurationList = BA247BE923F3FF630051089D /* Build configuration list for PBXProject "MilestoneProject3" */;
			compatibilityVersion = "Xcode 9.3";
			developmentRegion = en;
			hasScannedForEncodings = 0;
			knownRegions = (
				en,
				Base,
			);
			mainGroup = BA247BE523F3FF630051089D;
			productRefGroup = BA247BEF23F3FF630051089D /* Products */;
			projectDirPath = "";
			projectRoot = "";
			targets = (
				BA247BED23F3FF630051089D /* MilestoneProject3 */,
			);
		};
/* End PBXProject section */

/* Begin PBXResourcesBuildPhase section */
		BA247BEC23F3FF630051089D /* Resources */ = {
			isa = PBXResourcesBuildPhase;
			buildActionMask = 2147483647;
			files = (
				BA247BFE23F3FF660051089D /* LaunchScreen.storyboard in Resources */,
				BA97AC9C23F5875E0039DA5A /* words.txt in Resources */,
				BA247BFB23F3FF660051089D /* Assets.xcassets in Resources */,
				BA247BF923F3FF640051089D /* Main.storyboard in Resources */,
			);
			runOnlyForDeploymentPostprocessing = 0;
		};
/* End PBXResourcesBuildPhase section */

/* Begin PBXSourcesBuildPhase section */
		BA247BEA23F3FF630051089D /* Sources */ = {
			isa = PBXSourcesBuildPhase;
			buildActionMask = 2147483647;
			files = (
				BA97AC9E23F59E730039DA5A /* StringExtension.swift in Sources */,
				BA247BF623F3FF640051089D /* ViewController.swift in Sources */,
				BA247BF223F3FF630051089D /* AppDelegate.swift in Sources */,
				BA247BF423F3FF640051089D /* SceneDelegate.swift in Sources */,
			);
			runOnlyForDeploymentPostprocessing = 0;
		};
/* End PBXSourcesBuildPhase section */

/* Begin PBXVariantGroup section */
		BA247BF723F3FF640051089D /* Main.storyboard */ = {
			isa = PBXVariantGroup;
			children = (
				BA247BF823F3FF640051089D /* Base */,
			);
			name = Main.storyboard;
			sourceTree = "<group>";
		};
		BA247BFC23F3FF660051089D /* LaunchScreen.storyboard */ = {
			isa = PBXVariantGroup;
			children = (
				BA247BFD23F3FF660051089D /* Base */,
			);
			name = LaunchScreen.storyboard;
			sourceTree = "<group>";
		};
/* End PBXVariantGroup section */

/* Begin XCBuildConfiguration section */
		BA247C0023F3FF660051089D /* Debug */ = {
			isa = XCBuildConfiguration;
			buildSettings = {
				ALWAYS_SEARCH_USER_PATHS = NO;
				CLANG_ANALYZER_NONNULL = YES;
				CLANG_ANALYZER_NUMBER_OBJECT_CONVERSION = YES_AGGRESSIVE;
				CLANG_CXX_LANGUAGE_STANDARD = "gnu++14";
				CLANG_CXX_LIBRARY = "libc++";
				CLANG_ENABLE_MODULES = YES;
				CLANG_ENABLE_OBJC_ARC = YES;
				CLANG_ENABLE_OBJC_WEAK = YES;
				CLANG_WARN_BLOCK_CAPTURE_AUTORELEASING = YES;
				CLANG_WARN_BOOL_CONVERSION = YES;
				CLANG_WARN_COMMA = YES;
				CLANG_WARN_CONSTANT_CONVERSION = YES;
				CLANG_WARN_DEPRECATED_OBJC_IMPLEMENTATIONS = YES;
				CLANG_WARN_DIRECT_OBJC_ISA_USAGE = YES_ERROR;
				CLANG_WARN_DOCUMENTATION_COMMENTS = YES;
				CLANG_WARN_EMPTY_BODY = YES;
				CLANG_WARN_ENUM_CONVERSION = YES;
				CLANG_WARN_INFINITE_RECURSION = YES;
				CLANG_WARN_INT_CONVERSION = YES;
				CLANG_WARN_NON_LITERAL_NULL_CONVERSION = YES;
				CLANG_WARN_OBJC_IMPLICIT_RETAIN_SELF = YES;
				CLANG_WARN_OBJC_LITERAL_CONVERSION = YES;
				CLANG_WARN_OBJC_ROOT_CLASS = YES_ERROR;
				CLANG_WARN_RANGE_LOOP_ANALYSIS = YES;
				CLANG_WARN_STRICT_PROTOTYPES = YES;
				CLANG_WARN_SUSPICIOUS_MOVE = YES;
				CLANG_WARN_UNGUARDED_AVAILABILITY = YES_AGGRESSIVE;
				CLANG_WARN_UNREACHABLE_CODE = YES;
				CLANG_WARN__DUPLICATE_METHOD_MATCH = YES;
				COPY_PHASE_STRIP = NO;
				DEBUG_INFORMATION_FORMAT = dwarf;
				ENABLE_STRICT_OBJC_MSGSEND = YES;
				ENABLE_TESTABILITY = YES;
				GCC_C_LANGUAGE_STANDARD = gnu11;
				GCC_DYNAMIC_NO_PIC = NO;
				GCC_NO_COMMON_BLOCKS = YES;
				GCC_OPTIMIZATION_LEVEL = 0;
				GCC_PREPROCESSOR_DEFINITIONS = (
					"DEBUG=1",
					"$(inherited)",
				);
				GCC_WARN_64_TO_32_BIT_CONVERSION = YES;
				GCC_WARN_ABOUT_RETURN_TYPE = YES_ERROR;
				GCC_WARN_UNDECLARED_SELECTOR = YES;
				GCC_WARN_UNINITIALIZED_AUTOS = YES_AGGRESSIVE;
				GCC_WARN_UNUSED_FUNCTION = YES;
				GCC_WARN_UNUSED_VARIABLE = YES;
				IPHONEOS_DEPLOYMENT_TARGET = 13.2;
				MTL_ENABLE_DEBUG_INFO = INCLUDE_SOURCE;
				MTL_FAST_MATH = YES;
				ONLY_ACTIVE_ARCH = YES;
				SDKROOT = iphoneos;
				SWIFT_ACTIVE_COMPILATION_CONDITIONS = DEBUG;
				SWIFT_OPTIMIZATION_LEVEL = "-Onone";
			};
			name = Debug;
		};
		BA247C0123F3FF660051089D /* Release */ = {
			isa = XCBuildConfiguration;
			buildSettings = {
				ALWAYS_SEARCH_USER_PATHS = NO;
				CLANG_ANALYZER_NONNULL = YES;
				CLANG_ANALYZER_NUMBER_OBJECT_CONVERSION = YES_AGGRESSIVE;
				CLANG_CXX_LANGUAGE_STANDARD = "gnu++14";
				CLANG_CXX_LIBRARY = "libc++";
				CLANG_ENABLE_MODULES = YES;
				CLANG_ENABLE_OBJC_ARC = YES;
				CLANG_ENABLE_OBJC_WEAK = YES;
				CLANG_WARN_BLOCK_CAPTURE_AUTORELEASING = YES;
				CLANG_WARN_BOOL_CONVERSION = YES;
				CLANG_WARN_COMMA = YES;
				CLANG_WARN_CONSTANT_CONVERSION = YES;
				CLANG_WARN_DEPRECATED_OBJC_IMPLEMENTATIONS = YES;
				CLANG_WARN_DIRECT_OBJC_ISA_USAGE = YES_ERROR;
				CLANG_WARN_DOCUMENTATION_COMMENTS = YES;
				CLANG_WARN_EMPTY_BODY = YES;
				CLANG_WARN_ENUM_CONVERSION = YES;
				CLANG_WARN_INFINITE_RECURSION = YES;
				CLANG_WARN_INT_CONVERSION = YES;
				CLANG_WARN_NON_LITERAL_NULL_CONVERSION = YES;
				CLANG_WARN_OBJC_IMPLICIT_RETAIN_SELF = YES;
				CLANG_WARN_OBJC_LITERAL_CONVERSION = YES;
				CLANG_WARN_OBJC_ROOT_CLASS = YES_ERROR;
				CLANG_WARN_RANGE_LOOP_ANALYSIS = YES;
				CLANG_WARN_STRICT_PROTOTYPES = YES;
				CLANG_WARN_SUSPICIOUS_MOVE = YES;
				CLANG_WARN_UNGUARDED_AVAILABILITY = YES_AGGRESSIVE;
				CLANG_WARN_UNREACHABLE_CODE = YES;
				CLANG_WARN__DUPLICATE_METHOD_MATCH = YES;
				COPY_PHASE_STRIP = NO;
				DEBUG_INFORMATION_FORMAT = "dwarf-with-dsym";
				ENABLE_NS_ASSERTIONS = NO;
				ENABLE_STRICT_OBJC_MSGSEND = YES;
				GCC_C_LANGUAGE_STANDARD = gnu11;
				GCC_NO_COMMON_BLOCKS = YES;
				GCC_WARN_64_TO_32_BIT_CONVERSION = YES;
				GCC_WARN_ABOUT_RETURN_TYPE = YES_ERROR;
				GCC_WARN_UNDECLARED_SELECTOR = YES;
				GCC_WARN_UNINITIALIZED_AUTOS = YES_AGGRESSIVE;
				GCC_WARN_UNUSED_FUNCTION = YES;
				GCC_WARN_UNUSED_VARIABLE = YES;
				IPHONEOS_DEPLOYMENT_TARGET = 13.2;
				MTL_ENABLE_DEBUG_INFO = NO;
				MTL_FAST_MATH = YES;
				SDKROOT = iphoneos;
				SWIFT_COMPILATION_MODE = wholemodule;
				SWIFT_OPTIMIZATION_LEVEL = "-O";
				VALIDATE_PRODUCT = YES;
			};
			name = Release;
		};
		BA247C0323F3FF660051089D /* Debug */ = {
			isa = XCBuildConfiguration;
			buildSettings = {
				ASSETCATALOG_COMPILER_APPICON_NAME = AppIcon;
				CODE_SIGN_STYLE = Automatic;
				INFOPLIST_FILE = MilestoneProject3/Info.plist;
				LD_RUNPATH_SEARCH_PATHS = (
					"$(inherited)",
					"@executable_path/Frameworks",
				);
				PRODUCT_BUNDLE_IDENTIFIER = com.jaroslavjanda.MilestoneProject3;
				PRODUCT_NAME = "$(TARGET_NAME)";
				SWIFT_VERSION = 5.0;
				TARGETED_DEVICE_FAMILY = 1;
			};
			name = Debug;
		};
		BA247C0423F3FF660051089D /* Release */ = {
			isa = XCBuildConfiguration;
			buildSettings = {
				ASSETCATALOG_COMPILER_APPICON_NAME = AppIcon;
				CODE_SIGN_STYLE = Automatic;
				INFOPLIST_FILE = MilestoneProject3/Info.plist;
				LD_RUNPATH_SEARCH_PATHS = (
					"$(inherited)",
					"@executable_path/Frameworks",
				);
				PRODUCT_BUNDLE_IDENTIFIER = com.jaroslavjanda.MilestoneProject3;
				PRODUCT_NAME = "$(TARGET_NAME)";
				SWIFT_VERSION = 5.0;
				TARGETED_DEVICE_FAMILY = 1;
			};
			name = Release;
		};
/* End XCBuildConfiguration section */

/* Begin XCConfigurationList section */
		BA247BE923F3FF630051089D /* Build configuration list for PBXProject "MilestoneProject3" */ = {
			isa = XCConfigurationList;
			buildConfigurations = (
				BA247C0023F3FF660051089D /* Debug */,
				BA247C0123F3FF660051089D /* Release */,
			);
			defaultConfigurationIsVisible = 0;
			defaultConfigurationName = Release;
		};
		BA247C0223F3FF660051089D /* Build configuration list for PBXNativeTarget "MilestoneProject3" */ = {
			isa = XCConfigurationList;
			buildConfigurations = (
				BA247C0323F3FF660051089D /* Debug */,
				BA247C0423F3FF660051089D /* Release */,
			);
			defaultConfigurationIsVisible = 0;
			defaultConfigurationName = Release;
		};
/* End XCConfigurationList section */
	};
	rootObject = BA247BE623F3FF630051089D /* Project object */;
}
